
Microsoft Visual Studio Solution File, Format Version 12.00
# Visual Studio Version 17
VisualStudioVersion = 17.7.34024.191
MinimumVisualStudioVersion = 10.0.40219.1
Project("{FAE04EC0-301F-11D3-BF4B-00C04F79EFBC}") = "GUI_QLBanHang", "GUI_QLBanHang\GUI_QLBanHang.csproj", "{59431643-2AF4-4BC1-A8D9-2915AACC9F0E}"
EndProject
Project("{FAE04EC0-301F-11D3-BF4B-00C04F79EFBC}") = "DTO_QLBanHang", "DTO_QLBanHang\DTO_QLBanHang.csproj", "{4D4AFA42-4514-42E8-A0DD-558FE1806199}"
EndProject
Project("{FAE04EC0-301F-11D3-BF4B-00C04F79EFBC}") = "DAL_QLBanHang", "DAL_QLBanHang\DAL_QLBanHang.csproj", "{23816079-E431-45A1-8F11-5BEDFC11BD55}"
EndProject
Project("{FAE04EC0-301F-11D3-BF4B-00C04F79EFBC}") = "BUS_QLBanHang", "BUS_QLBanHang\BUS_QLBanHang.csproj", "{975085AF-E9B2-4F54-967F-23CED5C1B1D9}"
EndProject
Global
	GlobalSection(SolutionConfigurationPlatforms) = preSolution
		Debug|Any CPU = Debug|Any CPU
		Release|Any CPU = Release|Any CPU
	EndGlobalSection
	GlobalSection(ProjectConfigurationPlatforms) = postSolution
		{59431643-2AF4-4BC1-A8D9-2915AACC9F0E}.Debug|Any CPU.ActiveCfg = Debug|Any CPU
		{59431643-2AF4-4BC1-A8D9-2915AACC9F0E}.Debug|Any CPU.Build.0 = Debug|Any CPU
		{59431643-2AF4-4BC1-A8D9-2915AACC9F0E}.Release|Any CPU.ActiveCfg = Release|Any CPU
		{59431643-2AF4-4BC1-A8D9-2915AACC9F0E}.Release|Any CPU.Build.0 = Release|Any CPU
		{4D4AFA42-4514-42E8-A0DD-558FE1806199}.Debug|Any CPU.ActiveCfg = Debug|Any CPU
		{4D4AFA42-4514-42E8-A0DD-558FE1806199}.Debug|Any CPU.Build.0 = Debug|Any CPU
		{4D4AFA42-4514-42E8-A0DD-558FE1806199}.Release|Any CPU.ActiveCfg = Release|Any CPU
		{4D4AFA42-4514-42E8-A0DD-558FE1806199}.Release|Any CPU.Build.0 = Release|Any CPU
		{23816079-E431-45A1-8F11-5BEDFC11BD55}.Debug|Any CPU.ActiveCfg = Debug|Any CPU
		{23816079-E431-45A1-8F11-5BEDFC11BD55}.Debug|Any CPU.Build.0 = Debug|Any CPU
		{23816079-E431-45A1-8F11-5BEDFC11BD55}.Release|Any CPU.ActiveCfg = Release|Any CPU
		{23816079-E431-45A1-8F11-5BEDFC11BD55}.Release|Any CPU.Build.0 = Release|Any CPU
		{975085AF-E9B2-4F54-967F-23CED5C1B1D9}.Debug|Any CPU.ActiveCfg = Debug|Any CPU
		{975085AF-E9B2-4F54-967F-23CED5C1B1D9}.Debug|Any CPU.Build.0 = Debug|Any CPU
		{975085AF-E9B2-4F54-967F-23CED5C1B1D9}.Release|Any CPU.ActiveCfg = Release|Any CPU
		{975085AF-E9B2-4F54-967F-23CED5C1B1D9}.Release|Any CPU.Build.0 = Release|Any CPU
	EndGlobalSection
	GlobalSection(SolutionProperties) = preSolution
		HideSolutionNode = FALSE
	EndGlobalSection
	GlobalSection(ExtensibilityGlobals) = postSolution
		SolutionGuid = {721F9B2B-FE94-4D64-A825-031406F6090E}
	EndGlobalSection
EndGlobal
